
Microsoft Visual Studio Solution File, Format Version 12.00
# Visual Studio 15
VisualStudioVersion = 15.0.27703.2035
MinimumVisualStudioVersion = 10.0.40219.1
Project("{FAE04EC0-301F-11D3-BF4B-00C04F79EFBC}") = "Multithreading_Task1", "Multithreading_Task1\Multithreading_Task1.csproj", "{94DDEBFC-E47C-46B0-AB26-5BE76235EA3B}"
EndProject
Project("{2150E333-8FDC-42A3-9474-1A3956D46DE8}") = "Multithreading", "Multithreading", "{F5FD24C2-1743-42A4-B58B-50372E521632}"
EndProject
Project("{FAE04EC0-301F-11D3-BF4B-00C04F79EFBC}") = "Multithreading_Task2", "Multithreading_Task2\Multithreading_Task2.csproj", "{7B32FCFB-A070-43E3-8C40-C06C3E64951A}"
EndProject
Project("{FAE04EC0-301F-11D3-BF4B-00C04F79EFBC}") = "Multithreading_Task3", "Multithreading_Task3\Multithreading_Task3.csproj", "{D1B5D762-37BF-47D3-9510-E5F863D54293}"
EndProject
Project("{FAE04EC0-301F-11D3-BF4B-00C04F79EFBC}") = "Multithreading_Task4", "Multithreading_Task4\Multithreading_Task4.csproj", "{FC1E2DAC-A0BD-4D3C-9E84-DB1393F6F2BB}"
EndProject
Project("{FAE04EC0-301F-11D3-BF4B-00C04F79EFBC}") = "Multithreading_Task5", "Multithreading_Task5\Multithreading_Task5.csproj", "{A2FA36B4-34A4-4830-8286-E93E19DBA0A3}"
EndProject
Project("{FAE04EC0-301F-11D3-BF4B-00C04F79EFBC}") = "Multithreading_Task6", "Multithreading_Task6\Multithreading_Task6.csproj", "{CA4B49D0-4B8B-495B-806D-7B69F05F7D9F}"
EndProject
Project("{FAE04EC0-301F-11D3-BF4B-00C04F79EFBC}") = "Multithreading_Task7", "Multithreading_Task7\Multithreading_Task7.csproj", "{C8C74E98-CD50-463E-B60B-A77F4E853833}"
EndProject
Project("{2150E333-8FDC-42A3-9474-1A3956D46DE8}") = "Async-Await", "Async-Await", "{900B5F1F-D239-4D48-96C3-C093B38E3739}"
EndProject
Project("{FAE04EC0-301F-11D3-BF4B-00C04F79EFBC}") = "Async-Await_Task1", "Async-Await_Task1\Async-Await_Task1.csproj", "{3A8C48AB-C635-43BF-A1EE-F98CB405E936}"
EndProject
Project("{FAE04EC0-301F-11D3-BF4B-00C04F79EFBC}") = "Async-Await_Task2", "Async-Await_Task2\Async-Await_Task2.csproj", "{885A965F-9D66-4E56-B506-EC7860890FF1}"
EndProject
Project("{FAE04EC0-301F-11D3-BF4B-00C04F79EFBC}") = "Async-Await_Task3", "Async-Await_Task3\Async-Await_Task3.csproj", "{5C8B3D3D-EFD6-476C-9801-BCDBBBE01E85}"
EndProject
Project("{FAE04EC0-301F-11D3-BF4B-00C04F79EFBC}") = "Async-Await_Task4", "Async-Await_Task4\Async-Await_Task4.csproj", "{DB7F9231-5CE1-4584-A0DC-C09A35604F12}"
EndProject
Project("{2150E333-8FDC-42A3-9474-1A3956D46DE8}") = "Expressions", "Expressions", "{5D7B853B-81D4-40D0-9541-94C112F4D8D6}"
EndProject
Project("{FAE04EC0-301F-11D3-BF4B-00C04F79EFBC}") = "Expressions_Task1", "Expressions_Task1\Expressions_Task1.csproj", "{C1730F38-259C-490D-B350-EBEE4A87AA35}"
EndProject
Global
	GlobalSection(SolutionConfigurationPlatforms) = preSolution
		Debug|Any CPU = Debug|Any CPU
		Release|Any CPU = Release|Any CPU
	EndGlobalSection
	GlobalSection(ProjectConfigurationPlatforms) = postSolution
		{94DDEBFC-E47C-46B0-AB26-5BE76235EA3B}.Debug|Any CPU.ActiveCfg = Debug|Any CPU
		{94DDEBFC-E47C-46B0-AB26-5BE76235EA3B}.Debug|Any CPU.Build.0 = Debug|Any CPU
		{94DDEBFC-E47C-46B0-AB26-5BE76235EA3B}.Release|Any CPU.ActiveCfg = Release|Any CPU
		{94DDEBFC-E47C-46B0-AB26-5BE76235EA3B}.Release|Any CPU.Build.0 = Release|Any CPU
		{7B32FCFB-A070-43E3-8C40-C06C3E64951A}.Debug|Any CPU.ActiveCfg = Debug|Any CPU
		{7B32FCFB-A070-43E3-8C40-C06C3E64951A}.Debug|Any CPU.Build.0 = Debug|Any CPU
		{7B32FCFB-A070-43E3-8C40-C06C3E64951A}.Release|Any CPU.ActiveCfg = Release|Any CPU
		{7B32FCFB-A070-43E3-8C40-C06C3E64951A}.Release|Any CPU.Build.0 = Release|Any CPU
		{D1B5D762-37BF-47D3-9510-E5F863D54293}.Debug|Any CPU.ActiveCfg = Debug|Any CPU
		{D1B5D762-37BF-47D3-9510-E5F863D54293}.Debug|Any CPU.Build.0 = Debug|Any CPU
		{D1B5D762-37BF-47D3-9510-E5F863D54293}.Release|Any CPU.ActiveCfg = Release|Any CPU
		{D1B5D762-37BF-47D3-9510-E5F863D54293}.Release|Any CPU.Build.0 = Release|Any CPU
		{FC1E2DAC-A0BD-4D3C-9E84-DB1393F6F2BB}.Debug|Any CPU.ActiveCfg = Debug|Any CPU
		{FC1E2DAC-A0BD-4D3C-9E84-DB1393F6F2BB}.Debug|Any CPU.Build.0 = Debug|Any CPU
		{FC1E2DAC-A0BD-4D3C-9E84-DB1393F6F2BB}.Release|Any CPU.ActiveCfg = Release|Any CPU
		{FC1E2DAC-A0BD-4D3C-9E84-DB1393F6F2BB}.Release|Any CPU.Build.0 = Release|Any CPU
		{A2FA36B4-34A4-4830-8286-E93E19DBA0A3}.Debug|Any CPU.ActiveCfg = Debug|Any CPU
		{A2FA36B4-34A4-4830-8286-E93E19DBA0A3}.Debug|Any CPU.Build.0 = Debug|Any CPU
		{A2FA36B4-34A4-4830-8286-E93E19DBA0A3}.Release|Any CPU.ActiveCfg = Release|Any CPU
		{A2FA36B4-34A4-4830-8286-E93E19DBA0A3}.Release|Any CPU.Build.0 = Release|Any CPU
		{CA4B49D0-4B8B-495B-806D-7B69F05F7D9F}.Debug|Any CPU.ActiveCfg = Debug|Any CPU
		{CA4B49D0-4B8B-495B-806D-7B69F05F7D9F}.Debug|Any CPU.Build.0 = Debug|Any CPU
		{CA4B49D0-4B8B-495B-806D-7B69F05F7D9F}.Release|Any CPU.ActiveCfg = Release|Any CPU
		{CA4B49D0-4B8B-495B-806D-7B69F05F7D9F}.Release|Any CPU.Build.0 = Release|Any CPU
		{C8C74E98-CD50-463E-B60B-A77F4E853833}.Debug|Any CPU.ActiveCfg = Debug|Any CPU
		{C8C74E98-CD50-463E-B60B-A77F4E853833}.Debug|Any CPU.Build.0 = Debug|Any CPU
		{C8C74E98-CD50-463E-B60B-A77F4E853833}.Release|Any CPU.ActiveCfg = Release|Any CPU
		{C8C74E98-CD50-463E-B60B-A77F4E853833}.Release|Any CPU.Build.0 = Release|Any CPU
		{3A8C48AB-C635-43BF-A1EE-F98CB405E936}.Debug|Any CPU.ActiveCfg = Debug|Any CPU
		{3A8C48AB-C635-43BF-A1EE-F98CB405E936}.Debug|Any CPU.Build.0 = Debug|Any CPU
		{3A8C48AB-C635-43BF-A1EE-F98CB405E936}.Release|Any CPU.ActiveCfg = Release|Any CPU
		{3A8C48AB-C635-43BF-A1EE-F98CB405E936}.Release|Any CPU.Build.0 = Release|Any CPU
		{885A965F-9D66-4E56-B506-EC7860890FF1}.Debug|Any CPU.ActiveCfg = Debug|Any CPU
		{885A965F-9D66-4E56-B506-EC7860890FF1}.Debug|Any CPU.Build.0 = Debug|Any CPU
		{885A965F-9D66-4E56-B506-EC7860890FF1}.Release|Any CPU.ActiveCfg = Release|Any CPU
		{885A965F-9D66-4E56-B506-EC7860890FF1}.Release|Any CPU.Build.0 = Release|Any CPU
		{5C8B3D3D-EFD6-476C-9801-BCDBBBE01E85}.Debug|Any CPU.ActiveCfg = Debug|Any CPU
		{5C8B3D3D-EFD6-476C-9801-BCDBBBE01E85}.Debug|Any CPU.Build.0 = Debug|Any CPU
		{5C8B3D3D-EFD6-476C-9801-BCDBBBE01E85}.Release|Any CPU.ActiveCfg = Release|Any CPU
		{5C8B3D3D-EFD6-476C-9801-BCDBBBE01E85}.Release|Any CPU.Build.0 = Release|Any CPU
		{DB7F9231-5CE1-4584-A0DC-C09A35604F12}.Debug|Any CPU.ActiveCfg = Debug|Any CPU
		{DB7F9231-5CE1-4584-A0DC-C09A35604F12}.Debug|Any CPU.Build.0 = Debug|Any CPU
		{DB7F9231-5CE1-4584-A0DC-C09A35604F12}.Release|Any CPU.ActiveCfg = Release|Any CPU
		{DB7F9231-5CE1-4584-A0DC-C09A35604F12}.Release|Any CPU.Build.0 = Release|Any CPU
		{C1730F38-259C-490D-B350-EBEE4A87AA35}.Debug|Any CPU.ActiveCfg = Debug|Any CPU
		{C1730F38-259C-490D-B350-EBEE4A87AA35}.Debug|Any CPU.Build.0 = Debug|Any CPU
		{C1730F38-259C-490D-B350-EBEE4A87AA35}.Release|Any CPU.ActiveCfg = Release|Any CPU
		{C1730F38-259C-490D-B350-EBEE4A87AA35}.Release|Any CPU.Build.0 = Release|Any CPU
	EndGlobalSection
	GlobalSection(SolutionProperties) = preSolution
		HideSolutionNode = FALSE
	EndGlobalSection
	GlobalSection(NestedProjects) = preSolution
		{94DDEBFC-E47C-46B0-AB26-5BE76235EA3B} = {F5FD24C2-1743-42A4-B58B-50372E521632}
		{7B32FCFB-A070-43E3-8C40-C06C3E64951A} = {F5FD24C2-1743-42A4-B58B-50372E521632}
		{D1B5D762-37BF-47D3-9510-E5F863D54293} = {F5FD24C2-1743-42A4-B58B-50372E521632}
		{FC1E2DAC-A0BD-4D3C-9E84-DB1393F6F2BB} = {F5FD24C2-1743-42A4-B58B-50372E521632}
		{A2FA36B4-34A4-4830-8286-E93E19DBA0A3} = {F5FD24C2-1743-42A4-B58B-50372E521632}
		{CA4B49D0-4B8B-495B-806D-7B69F05F7D9F} = {F5FD24C2-1743-42A4-B58B-50372E521632}
		{C8C74E98-CD50-463E-B60B-A77F4E853833} = {F5FD24C2-1743-42A4-B58B-50372E521632}
		{3A8C48AB-C635-43BF-A1EE-F98CB405E936} = {900B5F1F-D239-4D48-96C3-C093B38E3739}
		{885A965F-9D66-4E56-B506-EC7860890FF1} = {900B5F1F-D239-4D48-96C3-C093B38E3739}
		{5C8B3D3D-EFD6-476C-9801-BCDBBBE01E85} = {900B5F1F-D239-4D48-96C3-C093B38E3739}
		{DB7F9231-5CE1-4584-A0DC-C09A35604F12} = {900B5F1F-D239-4D48-96C3-C093B38E3739}
		{C1730F38-259C-490D-B350-EBEE4A87AA35} = {5D7B853B-81D4-40D0-9541-94C112F4D8D6}
	EndGlobalSection
	GlobalSection(ExtensibilityGlobals) = postSolution
		SolutionGuid = {E866C6A0-0ACD-4C5D-BCCC-C1B23ED0C5A9}
	EndGlobalSection
EndGlobal
